
Microsoft Visual Studio Solution File, Format Version 12.00
# Visual Studio Version 17
VisualStudioVersion = 17.6.33712.159
MinimumVisualStudioVersion = 10.0.40219.1
Project("{FAE04EC0-301F-11D3-BF4B-00C04F79EFBC}") = "ASPBletchleyGame0", "ASPBletchleyGame0\ASPBletchleyGame0.csproj", "{95D39EBA-21EB-4BBA-B30F-AE6CA1D18A19}"
EndProject
Global
	GlobalSection(SolutionConfigurationPlatforms) = preSolution
		Debug|Any CPU = Debug|Any CPU
		Release|Any CPU = Release|Any CPU
	EndGlobalSection
	GlobalSection(ProjectConfigurationPlatforms) = postSolution
		{95D39EBA-21EB-4BBA-B30F-AE6CA1D18A19}.Debug|Any CPU.ActiveCfg = Debug|Any CPU
		{95D39EBA-21EB-4BBA-B30F-AE6CA1D18A19}.Debug|Any CPU.Build.0 = Debug|Any CPU
		{95D39EBA-21EB-4BBA-B30F-AE6CA1D18A19}.Release|Any CPU.ActiveCfg = Release|Any CPU
		{95D39EBA-21EB-4BBA-B30F-AE6CA1D18A19}.Release|Any CPU.Build.0 = Release|Any CPU
	EndGlobalSection
	GlobalSection(SolutionProperties) = preSolution
		HideSolutionNode = FALSE
	EndGlobalSection
	GlobalSection(ExtensibilityGlobals) = postSolution
		SolutionGuid = {4AF0A099-BF6F-402A-BF0A-0D6AEB1F32F3}
	EndGlobalSection
EndGlobal
